
Microsoft Visual Studio Solution File, Format Version 12.00
# Visual Studio 15
Project("{FAE04EC0-301F-11D3-BF4B-00C04F79EFBC}") = "Assembly-CSharp", "Assembly-CSharp.csproj", "{F10A8BD0-69C4-FECA-DE0E-BF3535B91CDA}"
EndProject
Project("{FAE04EC0-301F-11D3-BF4B-00C04F79EFBC}") = "Sirenix.OdinInspector.CompatibilityLayer", "Sirenix.OdinInspector.CompatibilityLayer.csproj", "{EB1FCB2E-59FE-D6AF-9428-197FFCE5C69E}"
EndProject
Project("{FAE04EC0-301F-11D3-BF4B-00C04F79EFBC}") = "Sirenix.OdinInspector.CompatibilityLayer.Editor", "Sirenix.OdinInspector.CompatibilityLayer.Editor.csproj", "{50CC4543-1797-0D0B-9BA2-3DD15F6E5FC2}"
EndProject
Project("{FAE04EC0-301F-11D3-BF4B-00C04F79EFBC}") = "Assembly-CSharp-Editor", "Assembly-CSharp-Editor.csproj", "{F442625C-1F29-6C0F-61BA-870528E3505D}"
EndProject
Project("{FAE04EC0-301F-11D3-BF4B-00C04F79EFBC}") = "Sirenix.OdinInspector.Modules.UnityMathematics", "Sirenix.OdinInspector.Modules.UnityMathematics.csproj", "{0ADFBC9F-921D-C4CD-7801-BD57E270FAEA}"
EndProject
Global
	GlobalSection(SolutionConfigurationPlatforms) = preSolution
		Debug|Any CPU = Debug|Any CPU
		Release|Any CPU = Release|Any CPU
	EndGlobalSection
	GlobalSection(ProjectConfigurationPlatforms) = postSolution
		{F10A8BD0-69C4-FECA-DE0E-BF3535B91CDA}.Debug|Any CPU.ActiveCfg = Debug|Any CPU
		{F10A8BD0-69C4-FECA-DE0E-BF3535B91CDA}.Debug|Any CPU.Build.0 = Debug|Any CPU
		{F10A8BD0-69C4-FECA-DE0E-BF3535B91CDA}.Release|Any CPU.ActiveCfg = Release|Any CPU
		{F10A8BD0-69C4-FECA-DE0E-BF3535B91CDA}.Release|Any CPU.Build.0 = Release|Any CPU
		{EB1FCB2E-59FE-D6AF-9428-197FFCE5C69E}.Debug|Any CPU.ActiveCfg = Debug|Any CPU
		{EB1FCB2E-59FE-D6AF-9428-197FFCE5C69E}.Debug|Any CPU.Build.0 = Debug|Any CPU
		{EB1FCB2E-59FE-D6AF-9428-197FFCE5C69E}.Release|Any CPU.ActiveCfg = Release|Any CPU
		{EB1FCB2E-59FE-D6AF-9428-197FFCE5C69E}.Release|Any CPU.Build.0 = Release|Any CPU
		{50CC4543-1797-0D0B-9BA2-3DD15F6E5FC2}.Debug|Any CPU.ActiveCfg = Debug|Any CPU
		{50CC4543-1797-0D0B-9BA2-3DD15F6E5FC2}.Debug|Any CPU.Build.0 = Debug|Any CPU
		{50CC4543-1797-0D0B-9BA2-3DD15F6E5FC2}.Release|Any CPU.ActiveCfg = Release|Any CPU
		{50CC4543-1797-0D0B-9BA2-3DD15F6E5FC2}.Release|Any CPU.Build.0 = Release|Any CPU
		{F442625C-1F29-6C0F-61BA-870528E3505D}.Debug|Any CPU.ActiveCfg = Debug|Any CPU
		{F442625C-1F29-6C0F-61BA-870528E3505D}.Debug|Any CPU.Build.0 = Debug|Any CPU
		{F442625C-1F29-6C0F-61BA-870528E3505D}.Release|Any CPU.ActiveCfg = Release|Any CPU
		{F442625C-1F29-6C0F-61BA-870528E3505D}.Release|Any CPU.Build.0 = Release|Any CPU
		{0ADFBC9F-921D-C4CD-7801-BD57E270FAEA}.Debug|Any CPU.ActiveCfg = Debug|Any CPU
		{0ADFBC9F-921D-C4CD-7801-BD57E270FAEA}.Debug|Any CPU.Build.0 = Debug|Any CPU
		{0ADFBC9F-921D-C4CD-7801-BD57E270FAEA}.Release|Any CPU.ActiveCfg = Release|Any CPU
		{0ADFBC9F-921D-C4CD-7801-BD57E270FAEA}.Release|Any CPU.Build.0 = Release|Any CPU
	EndGlobalSection
	GlobalSection(SolutionProperties) = preSolution
		HideSolutionNode = FALSE
	EndGlobalSection
EndGlobal
