
Microsoft Visual Studio Solution File, Format Version 12.00
# Visual Studio Version 16
VisualStudioVersion = 16.0.31702.278
MinimumVisualStudioVersion = 10.0.40219.1
Project("{FAE04EC0-301F-11D3-BF4B-00C04F79EFBC}") = "Assembly-CSharp", "Assembly-CSharp.csproj", "{F10A8BD0-69C4-FECA-DE0E-BF3535B91CDA}"
EndProject
Project("{FAE04EC0-301F-11D3-BF4B-00C04F79EFBC}") = "Sirenix.OdinInspector.CompatibilityLayer", "Sirenix.OdinInspector.CompatibilityLayer.csproj", "{2ECB1FEB-FE59-AFD6-9428-197FFCE5C69E}"
EndProject
Project("{FAE04EC0-301F-11D3-BF4B-00C04F79EFBC}") = "Sirenix.OdinInspector.CompatibilityLayer.Editor", "Sirenix.OdinInspector.CompatibilityLayer.Editor.csproj", "{4345CC50-9717-0B0D-9BA2-3DD15F6E5FC2}"
EndProject
Project("{FAE04EC0-301F-11D3-BF4B-00C04F79EFBC}") = "Assembly-CSharp-Editor", "Assembly-CSharp-Editor.csproj", "{F442625C-1F29-6C0F-61BA-870528E3505D}"
EndProject
Project("{FAE04EC0-301F-11D3-BF4B-00C04F79EFBC}") = "Sirenix.OdinInspector.Modules.UnityMathematics", "Sirenix.OdinInspector.Modules.UnityMathematics.csproj", "{9FBCDF0A-1D92-CDC4-7801-BD57E270FAEA}"
EndProject
Global
	GlobalSection(SolutionConfigurationPlatforms) = preSolution
		Debug|Any CPU = Debug|Any CPU
		Release|Any CPU = Release|Any CPU
	EndGlobalSection
	GlobalSection(ProjectConfigurationPlatforms) = postSolution
		{F10A8BD0-69C4-FECA-DE0E-BF3535B91CDA}.Debug|Any CPU.ActiveCfg = Debug|Any CPU
		{F10A8BD0-69C4-FECA-DE0E-BF3535B91CDA}.Debug|Any CPU.Build.0 = Debug|Any CPU
		{F10A8BD0-69C4-FECA-DE0E-BF3535B91CDA}.Release|Any CPU.ActiveCfg = Release|Any CPU
		{F10A8BD0-69C4-FECA-DE0E-BF3535B91CDA}.Release|Any CPU.Build.0 = Release|Any CPU
		{2ECB1FEB-FE59-AFD6-9428-197FFCE5C69E}.Debug|Any CPU.ActiveCfg = Debug|Any CPU
		{2ECB1FEB-FE59-AFD6-9428-197FFCE5C69E}.Debug|Any CPU.Build.0 = Debug|Any CPU
		{2ECB1FEB-FE59-AFD6-9428-197FFCE5C69E}.Release|Any CPU.ActiveCfg = Release|Any CPU
		{2ECB1FEB-FE59-AFD6-9428-197FFCE5C69E}.Release|Any CPU.Build.0 = Release|Any CPU
		{4345CC50-9717-0B0D-9BA2-3DD15F6E5FC2}.Debug|Any CPU.ActiveCfg = Debug|Any CPU
		{4345CC50-9717-0B0D-9BA2-3DD15F6E5FC2}.Debug|Any CPU.Build.0 = Debug|Any CPU
		{4345CC50-9717-0B0D-9BA2-3DD15F6E5FC2}.Release|Any CPU.ActiveCfg = Release|Any CPU
		{4345CC50-9717-0B0D-9BA2-3DD15F6E5FC2}.Release|Any CPU.Build.0 = Release|Any CPU
		{F442625C-1F29-6C0F-61BA-870528E3505D}.Debug|Any CPU.ActiveCfg = Debug|Any CPU
		{F442625C-1F29-6C0F-61BA-870528E3505D}.Debug|Any CPU.Build.0 = Debug|Any CPU
		{F442625C-1F29-6C0F-61BA-870528E3505D}.Release|Any CPU.ActiveCfg = Release|Any CPU
		{F442625C-1F29-6C0F-61BA-870528E3505D}.Release|Any CPU.Build.0 = Release|Any CPU
		{9FBCDF0A-1D92-CDC4-7801-BD57E270FAEA}.Debug|Any CPU.ActiveCfg = Debug|Any CPU
		{9FBCDF0A-1D92-CDC4-7801-BD57E270FAEA}.Debug|Any CPU.Build.0 = Debug|Any CPU
		{9FBCDF0A-1D92-CDC4-7801-BD57E270FAEA}.Release|Any CPU.ActiveCfg = Release|Any CPU
		{9FBCDF0A-1D92-CDC4-7801-BD57E270FAEA}.Release|Any CPU.Build.0 = Release|Any CPU
	EndGlobalSection
	GlobalSection(SolutionProperties) = preSolution
		HideSolutionNode = FALSE
	EndGlobalSection
	GlobalSection(ExtensibilityGlobals) = postSolution
		SolutionGuid = {E858C8B5-7C67-4CBA-AB09-46C81122428E}
	EndGlobalSection
EndGlobal
