
Microsoft Visual Studio Solution File, Format Version 12.00
# Visual Studio 15
Project("{FAE04EC0-301F-11D3-BF4B-00C04F79EFBC}") = "UnityEngine.UI", "UnityEngine.UI.csproj", "{725CD8B0-E72F-9188-8CC0-EC80F7F9CCCA}"
EndProject
Project("{FAE04EC0-301F-11D3-BF4B-00C04F79EFBC}") = "Unity.RenderPipelines.Core.Runtime", "Unity.RenderPipelines.Core.Runtime.csproj", "{029EFE01-AEDB-9533-F5CA-1611FDB64750}"
EndProject
Project("{FAE04EC0-301F-11D3-BF4B-00C04F79EFBC}") = "UnityEngine.TestRunner", "UnityEngine.TestRunner.csproj", "{374EBF9B-49E4-EC10-989A-716B38E12D25}"
EndProject
Project("{FAE04EC0-301F-11D3-BF4B-00C04F79EFBC}") = "Unity.Mathematics", "Unity.Mathematics.csproj", "{B87C1AA0-C6DF-0F1E-9198-4178EB9872AD}"
EndProject
Project("{FAE04EC0-301F-11D3-BF4B-00C04F79EFBC}") = "Unity.InputSystem", "Unity.InputSystem.csproj", "{958C1AFF-12AA-5560-C1F4-087E5B531B52}"
EndProject
Project("{FAE04EC0-301F-11D3-BF4B-00C04F79EFBC}") = "Unity.VisualScripting.State", "Unity.VisualScripting.State.csproj", "{45054DD4-13F2-B86B-241D-2D8835AB366F}"
EndProject
Project("{FAE04EC0-301F-11D3-BF4B-00C04F79EFBC}") = "Unity.VisualScripting.Core", "Unity.VisualScripting.Core.csproj", "{3D8EE8B0-2163-EF44-33C6-0D63DC595C2C}"
EndProject
Project("{FAE04EC0-301F-11D3-BF4B-00C04F79EFBC}") = "Unity.RenderPipelines.Universal.Runtime", "Unity.RenderPipelines.Universal.Runtime.csproj", "{E8AE100F-4B3E-5728-8939-AA448AA95404}"
EndProject
Project("{FAE04EC0-301F-11D3-BF4B-00C04F79EFBC}") = "Unity.VisualScripting.Flow", "Unity.VisualScripting.Flow.csproj", "{ABA99171-CCC5-BAAE-1ED2-8ECA45855190}"
EndProject
Project("{FAE04EC0-301F-11D3-BF4B-00C04F79EFBC}") = "Assembly-CSharp", "Assembly-CSharp.csproj", "{F10A8BD0-69C4-FECA-DE0E-BF3535B91CDA}"
EndProject
Project("{FAE04EC0-301F-11D3-BF4B-00C04F79EFBC}") = "Unity.TextMeshPro", "Unity.TextMeshPro.csproj", "{11488964-D24B-915C-5327-F540F518B575}"
EndProject
Project("{FAE04EC0-301F-11D3-BF4B-00C04F79EFBC}") = "Unity.VisualEffectGraph.Runtime", "Unity.VisualEffectGraph.Runtime.csproj", "{7E717890-1CA1-611B-0E8E-52F0399C998D}"
EndProject
Project("{FAE04EC0-301F-11D3-BF4B-00C04F79EFBC}") = "Cinemachine", "Cinemachine.csproj", "{0DC059B0-7C89-2E7A-DF32-ED2B3E985AFF}"
EndProject
Project("{FAE04EC0-301F-11D3-BF4B-00C04F79EFBC}") = "Unity.Timeline", "Unity.Timeline.csproj", "{FBAA419B-2408-06E0-E3C8-6647BC112056}"
EndProject
Project("{FAE04EC0-301F-11D3-BF4B-00C04F79EFBC}") = "Sirenix.OdinInspector.CompatibilityLayer", "Sirenix.OdinInspector.CompatibilityLayer.csproj", "{EB1FCB2E-59FE-D6AF-9428-197FFCE5C69E}"
EndProject
Project("{FAE04EC0-301F-11D3-BF4B-00C04F79EFBC}") = "Unity.RenderPipeline.Universal.ShaderLibrary", "Unity.RenderPipeline.Universal.ShaderLibrary.csproj", "{F56E52BA-7744-CEDC-8ACE-936DD8643D0C}"
EndProject
Project("{FAE04EC0-301F-11D3-BF4B-00C04F79EFBC}") = "Unity.RenderPipelines.Core.ShaderLibrary", "Unity.RenderPipelines.Core.ShaderLibrary.csproj", "{774F94D2-CED9-79AB-5D18-6EB388139BD4}"
EndProject
Project("{FAE04EC0-301F-11D3-BF4B-00C04F79EFBC}") = "Unity.RenderPipelines.Universal.Shaders", "Unity.RenderPipelines.Universal.Shaders.csproj", "{5EFAA302-DC4D-FCDA-3E41-AF8084D7C9B8}"
EndProject
Project("{FAE04EC0-301F-11D3-BF4B-00C04F79EFBC}") = "Unity.RenderPipelines.ShaderGraph.ShaderGraphLibrary", "Unity.RenderPipelines.ShaderGraph.ShaderGraphLibrary.csproj", "{1B838455-15CF-1B98-2A98-44EFBBF88ACF}"
EndProject
Project("{FAE04EC0-301F-11D3-BF4B-00C04F79EFBC}") = "Unity.VisualEffectGraph.Editor", "Unity.VisualEffectGraph.Editor.csproj", "{B296A033-75DD-3E1F-96EB-1F78CE05DB86}"
EndProject
Project("{FAE04EC0-301F-11D3-BF4B-00C04F79EFBC}") = "Unity.PlasticSCM.Editor", "Unity.PlasticSCM.Editor.csproj", "{BF23CA5E-8C67-0F9A-D8BD-03F892C3C1EA}"
EndProject
Project("{FAE04EC0-301F-11D3-BF4B-00C04F79EFBC}") = "Unity.VisualScripting.Core.Editor", "Unity.VisualScripting.Core.Editor.csproj", "{F9005C18-A06A-E580-DECE-678DBF830722}"
EndProject
Project("{FAE04EC0-301F-11D3-BF4B-00C04F79EFBC}") = "Unity.ShaderGraph.Editor", "Unity.ShaderGraph.Editor.csproj", "{F3F286D5-7E4C-D40F-33E9-FF5EC444139C}"
EndProject
Project("{FAE04EC0-301F-11D3-BF4B-00C04F79EFBC}") = "Unity.VisualStudio.Editor", "Unity.VisualStudio.Editor.csproj", "{641E1B34-E3C1-BC8B-8FA0-1414ADFB4E24}"
EndProject
Project("{FAE04EC0-301F-11D3-BF4B-00C04F79EFBC}") = "Unity.Timeline.Editor", "Unity.Timeline.Editor.csproj", "{A5606513-F4A4-1652-213D-360C8E7378AF}"
EndProject
Project("{FAE04EC0-301F-11D3-BF4B-00C04F79EFBC}") = "com.unity.cinemachine.editor", "com.unity.cinemachine.editor.csproj", "{A6ED2E7D-0FD1-CE7C-C1CB-88492FA96E7A}"
EndProject
Project("{FAE04EC0-301F-11D3-BF4B-00C04F79EFBC}") = "Unity.VisualScripting.State.Editor", "Unity.VisualScripting.State.Editor.csproj", "{D6E15CF6-EB2E-7319-F454-98C02B184C05}"
EndProject
Project("{FAE04EC0-301F-11D3-BF4B-00C04F79EFBC}") = "Unity.TextMeshPro.Editor", "Unity.TextMeshPro.Editor.csproj", "{A479F27A-13B8-5A6C-93CA-EA5CF7C2C5D1}"
EndProject
Project("{FAE04EC0-301F-11D3-BF4B-00C04F79EFBC}") = "VSSettingsProvider", "VSSettingsProvider.csproj", "{109DA6CE-A583-C0CC-1366-28A5D7226B19}"
EndProject
Project("{FAE04EC0-301F-11D3-BF4B-00C04F79EFBC}") = "Unity.CollabProxy.Editor", "Unity.CollabProxy.Editor.csproj", "{7E64BF13-7B5E-0817-BCCB-9064F619DFE2}"
EndProject
Project("{FAE04EC0-301F-11D3-BF4B-00C04F79EFBC}") = "UnityEditor.TestRunner", "UnityEditor.TestRunner.csproj", "{BD794D9C-5F76-EB66-F38A-B4C21B5A72DE}"
EndProject
Project("{FAE04EC0-301F-11D3-BF4B-00C04F79EFBC}") = "Unity.VisualScripting.Flow.Editor", "Unity.VisualScripting.Flow.Editor.csproj", "{A22E3383-F973-36E8-DE8B-3674FE553D77}"
EndProject
Project("{FAE04EC0-301F-11D3-BF4B-00C04F79EFBC}") = "Unity.Rider.Editor", "Unity.Rider.Editor.csproj", "{1DAC719F-2966-7BC4-EB0B-144826E133E8}"
EndProject
Project("{FAE04EC0-301F-11D3-BF4B-00C04F79EFBC}") = "Unity.RenderPipelines.Universal.Editor", "Unity.RenderPipelines.Universal.Editor.csproj", "{09429F52-471A-3AB7-B9C1-E001B5CE6D11}"
EndProject
Project("{FAE04EC0-301F-11D3-BF4B-00C04F79EFBC}") = "Sirenix.OdinInspector.CompatibilityLayer.Editor", "Sirenix.OdinInspector.CompatibilityLayer.Editor.csproj", "{50CC4543-1797-0D0B-9BA2-3DD15F6E5FC2}"
EndProject
Project("{FAE04EC0-301F-11D3-BF4B-00C04F79EFBC}") = "Unity.RenderPipelines.Core.Editor", "Unity.RenderPipelines.Core.Editor.csproj", "{AC060928-2E46-2934-11E5-4611A6B13B32}"
EndProject
Project("{FAE04EC0-301F-11D3-BF4B-00C04F79EFBC}") = "Unity.Searcher.Editor", "Unity.Searcher.Editor.csproj", "{AE43BA32-55B0-2358-50B4-9D4CA3266F24}"
EndProject
Project("{FAE04EC0-301F-11D3-BF4B-00C04F79EFBC}") = "Unity.VSCode.Editor", "Unity.VSCode.Editor.csproj", "{32F6E967-76AD-E2B8-EF23-2701C78DED3E}"
EndProject
Project("{FAE04EC0-301F-11D3-BF4B-00C04F79EFBC}") = "UnityEditor.UI", "UnityEditor.UI.csproj", "{4B104AD4-FB3A-FE2F-FC37-63A88AF62394}"
EndProject
Project("{FAE04EC0-301F-11D3-BF4B-00C04F79EFBC}") = "Assembly-CSharp-Editor", "Assembly-CSharp-Editor.csproj", "{F442625C-1F29-6C0F-61BA-870528E3505D}"
EndProject
Project("{FAE04EC0-301F-11D3-BF4B-00C04F79EFBC}") = "Unity.Mathematics.Editor", "Unity.Mathematics.Editor.csproj", "{8C16913E-AF53-FCE9-5407-C19D5EBF7975}"
EndProject
Project("{FAE04EC0-301F-11D3-BF4B-00C04F79EFBC}") = "Unity.ShaderGraph.Utilities", "Unity.ShaderGraph.Utilities.csproj", "{5703C88C-1472-6132-E421-C8F9D4A21670}"
EndProject
Project("{FAE04EC0-301F-11D3-BF4B-00C04F79EFBC}") = "Sirenix.OdinInspector.Modules.UnityMathematics", "Sirenix.OdinInspector.Modules.UnityMathematics.csproj", "{0ADFBC9F-921D-C4CD-7801-BD57E270FAEA}"
EndProject
Global
	GlobalSection(SolutionConfigurationPlatforms) = preSolution
		Debug|Any CPU = Debug|Any CPU
		Release|Any CPU = Release|Any CPU
	EndGlobalSection
	GlobalSection(ProjectConfigurationPlatforms) = postSolution
		{725CD8B0-E72F-9188-8CC0-EC80F7F9CCCA}.Debug|Any CPU.ActiveCfg = Debug|Any CPU
		{725CD8B0-E72F-9188-8CC0-EC80F7F9CCCA}.Debug|Any CPU.Build.0 = Debug|Any CPU
		{725CD8B0-E72F-9188-8CC0-EC80F7F9CCCA}.Release|Any CPU.ActiveCfg = Release|Any CPU
		{725CD8B0-E72F-9188-8CC0-EC80F7F9CCCA}.Release|Any CPU.Build.0 = Release|Any CPU
		{029EFE01-AEDB-9533-F5CA-1611FDB64750}.Debug|Any CPU.ActiveCfg = Debug|Any CPU
		{029EFE01-AEDB-9533-F5CA-1611FDB64750}.Debug|Any CPU.Build.0 = Debug|Any CPU
		{029EFE01-AEDB-9533-F5CA-1611FDB64750}.Release|Any CPU.ActiveCfg = Release|Any CPU
		{029EFE01-AEDB-9533-F5CA-1611FDB64750}.Release|Any CPU.Build.0 = Release|Any CPU
		{374EBF9B-49E4-EC10-989A-716B38E12D25}.Debug|Any CPU.ActiveCfg = Debug|Any CPU
		{374EBF9B-49E4-EC10-989A-716B38E12D25}.Debug|Any CPU.Build.0 = Debug|Any CPU
		{374EBF9B-49E4-EC10-989A-716B38E12D25}.Release|Any CPU.ActiveCfg = Release|Any CPU
		{374EBF9B-49E4-EC10-989A-716B38E12D25}.Release|Any CPU.Build.0 = Release|Any CPU
		{B87C1AA0-C6DF-0F1E-9198-4178EB9872AD}.Debug|Any CPU.ActiveCfg = Debug|Any CPU
		{B87C1AA0-C6DF-0F1E-9198-4178EB9872AD}.Debug|Any CPU.Build.0 = Debug|Any CPU
		{B87C1AA0-C6DF-0F1E-9198-4178EB9872AD}.Release|Any CPU.ActiveCfg = Release|Any CPU
		{B87C1AA0-C6DF-0F1E-9198-4178EB9872AD}.Release|Any CPU.Build.0 = Release|Any CPU
		{958C1AFF-12AA-5560-C1F4-087E5B531B52}.Debug|Any CPU.ActiveCfg = Debug|Any CPU
		{958C1AFF-12AA-5560-C1F4-087E5B531B52}.Debug|Any CPU.Build.0 = Debug|Any CPU
		{958C1AFF-12AA-5560-C1F4-087E5B531B52}.Release|Any CPU.ActiveCfg = Release|Any CPU
		{958C1AFF-12AA-5560-C1F4-087E5B531B52}.Release|Any CPU.Build.0 = Release|Any CPU
		{45054DD4-13F2-B86B-241D-2D8835AB366F}.Debug|Any CPU.ActiveCfg = Debug|Any CPU
		{45054DD4-13F2-B86B-241D-2D8835AB366F}.Debug|Any CPU.Build.0 = Debug|Any CPU
		{45054DD4-13F2-B86B-241D-2D8835AB366F}.Release|Any CPU.ActiveCfg = Release|Any CPU
		{45054DD4-13F2-B86B-241D-2D8835AB366F}.Release|Any CPU.Build.0 = Release|Any CPU
		{3D8EE8B0-2163-EF44-33C6-0D63DC595C2C}.Debug|Any CPU.ActiveCfg = Debug|Any CPU
		{3D8EE8B0-2163-EF44-33C6-0D63DC595C2C}.Debug|Any CPU.Build.0 = Debug|Any CPU
		{3D8EE8B0-2163-EF44-33C6-0D63DC595C2C}.Release|Any CPU.ActiveCfg = Release|Any CPU
		{3D8EE8B0-2163-EF44-33C6-0D63DC595C2C}.Release|Any CPU.Build.0 = Release|Any CPU
		{E8AE100F-4B3E-5728-8939-AA448AA95404}.Debug|Any CPU.ActiveCfg = Debug|Any CPU
		{E8AE100F-4B3E-5728-8939-AA448AA95404}.Debug|Any CPU.Build.0 = Debug|Any CPU
		{E8AE100F-4B3E-5728-8939-AA448AA95404}.Release|Any CPU.ActiveCfg = Release|Any CPU
		{E8AE100F-4B3E-5728-8939-AA448AA95404}.Release|Any CPU.Build.0 = Release|Any CPU
		{ABA99171-CCC5-BAAE-1ED2-8ECA45855190}.Debug|Any CPU.ActiveCfg = Debug|Any CPU
		{ABA99171-CCC5-BAAE-1ED2-8ECA45855190}.Debug|Any CPU.Build.0 = Debug|Any CPU
		{ABA99171-CCC5-BAAE-1ED2-8ECA45855190}.Release|Any CPU.ActiveCfg = Release|Any CPU
		{ABA99171-CCC5-BAAE-1ED2-8ECA45855190}.Release|Any CPU.Build.0 = Release|Any CPU
		{F10A8BD0-69C4-FECA-DE0E-BF3535B91CDA}.Debug|Any CPU.ActiveCfg = Debug|Any CPU
		{F10A8BD0-69C4-FECA-DE0E-BF3535B91CDA}.Debug|Any CPU.Build.0 = Debug|Any CPU
		{F10A8BD0-69C4-FECA-DE0E-BF3535B91CDA}.Release|Any CPU.ActiveCfg = Release|Any CPU
		{F10A8BD0-69C4-FECA-DE0E-BF3535B91CDA}.Release|Any CPU.Build.0 = Release|Any CPU
		{11488964-D24B-915C-5327-F540F518B575}.Debug|Any CPU.ActiveCfg = Debug|Any CPU
		{11488964-D24B-915C-5327-F540F518B575}.Debug|Any CPU.Build.0 = Debug|Any CPU
		{11488964-D24B-915C-5327-F540F518B575}.Release|Any CPU.ActiveCfg = Release|Any CPU
		{11488964-D24B-915C-5327-F540F518B575}.Release|Any CPU.Build.0 = Release|Any CPU
		{7E717890-1CA1-611B-0E8E-52F0399C998D}.Debug|Any CPU.ActiveCfg = Debug|Any CPU
		{7E717890-1CA1-611B-0E8E-52F0399C998D}.Debug|Any CPU.Build.0 = Debug|Any CPU
		{7E717890-1CA1-611B-0E8E-52F0399C998D}.Release|Any CPU.ActiveCfg = Release|Any CPU
		{7E717890-1CA1-611B-0E8E-52F0399C998D}.Release|Any CPU.Build.0 = Release|Any CPU
		{0DC059B0-7C89-2E7A-DF32-ED2B3E985AFF}.Debug|Any CPU.ActiveCfg = Debug|Any CPU
		{0DC059B0-7C89-2E7A-DF32-ED2B3E985AFF}.Debug|Any CPU.Build.0 = Debug|Any CPU
		{0DC059B0-7C89-2E7A-DF32-ED2B3E985AFF}.Release|Any CPU.ActiveCfg = Release|Any CPU
		{0DC059B0-7C89-2E7A-DF32-ED2B3E985AFF}.Release|Any CPU.Build.0 = Release|Any CPU
		{FBAA419B-2408-06E0-E3C8-6647BC112056}.Debug|Any CPU.ActiveCfg = Debug|Any CPU
		{FBAA419B-2408-06E0-E3C8-6647BC112056}.Debug|Any CPU.Build.0 = Debug|Any CPU
		{FBAA419B-2408-06E0-E3C8-6647BC112056}.Release|Any CPU.ActiveCfg = Release|Any CPU
		{FBAA419B-2408-06E0-E3C8-6647BC112056}.Release|Any CPU.Build.0 = Release|Any CPU
		{EB1FCB2E-59FE-D6AF-9428-197FFCE5C69E}.Debug|Any CPU.ActiveCfg = Debug|Any CPU
		{EB1FCB2E-59FE-D6AF-9428-197FFCE5C69E}.Debug|Any CPU.Build.0 = Debug|Any CPU
		{EB1FCB2E-59FE-D6AF-9428-197FFCE5C69E}.Release|Any CPU.ActiveCfg = Release|Any CPU
		{EB1FCB2E-59FE-D6AF-9428-197FFCE5C69E}.Release|Any CPU.Build.0 = Release|Any CPU
		{F56E52BA-7744-CEDC-8ACE-936DD8643D0C}.Debug|Any CPU.ActiveCfg = Debug|Any CPU
		{F56E52BA-7744-CEDC-8ACE-936DD8643D0C}.Debug|Any CPU.Build.0 = Debug|Any CPU
		{F56E52BA-7744-CEDC-8ACE-936DD8643D0C}.Release|Any CPU.ActiveCfg = Release|Any CPU
		{F56E52BA-7744-CEDC-8ACE-936DD8643D0C}.Release|Any CPU.Build.0 = Release|Any CPU
		{774F94D2-CED9-79AB-5D18-6EB388139BD4}.Debug|Any CPU.ActiveCfg = Debug|Any CPU
		{774F94D2-CED9-79AB-5D18-6EB388139BD4}.Debug|Any CPU.Build.0 = Debug|Any CPU
		{774F94D2-CED9-79AB-5D18-6EB388139BD4}.Release|Any CPU.ActiveCfg = Release|Any CPU
		{774F94D2-CED9-79AB-5D18-6EB388139BD4}.Release|Any CPU.Build.0 = Release|Any CPU
		{5EFAA302-DC4D-FCDA-3E41-AF8084D7C9B8}.Debug|Any CPU.ActiveCfg = Debug|Any CPU
		{5EFAA302-DC4D-FCDA-3E41-AF8084D7C9B8}.Debug|Any CPU.Build.0 = Debug|Any CPU
		{5EFAA302-DC4D-FCDA-3E41-AF8084D7C9B8}.Release|Any CPU.ActiveCfg = Release|Any CPU
		{5EFAA302-DC4D-FCDA-3E41-AF8084D7C9B8}.Release|Any CPU.Build.0 = Release|Any CPU
		{1B838455-15CF-1B98-2A98-44EFBBF88ACF}.Debug|Any CPU.ActiveCfg = Debug|Any CPU
		{1B838455-15CF-1B98-2A98-44EFBBF88ACF}.Debug|Any CPU.Build.0 = Debug|Any CPU
		{1B838455-15CF-1B98-2A98-44EFBBF88ACF}.Release|Any CPU.ActiveCfg = Release|Any CPU
		{1B838455-15CF-1B98-2A98-44EFBBF88ACF}.Release|Any CPU.Build.0 = Release|Any CPU
		{B296A033-75DD-3E1F-96EB-1F78CE05DB86}.Debug|Any CPU.ActiveCfg = Debug|Any CPU
		{B296A033-75DD-3E1F-96EB-1F78CE05DB86}.Debug|Any CPU.Build.0 = Debug|Any CPU
		{B296A033-75DD-3E1F-96EB-1F78CE05DB86}.Release|Any CPU.ActiveCfg = Release|Any CPU
		{B296A033-75DD-3E1F-96EB-1F78CE05DB86}.Release|Any CPU.Build.0 = Release|Any CPU
		{BF23CA5E-8C67-0F9A-D8BD-03F892C3C1EA}.Debug|Any CPU.ActiveCfg = Debug|Any CPU
		{BF23CA5E-8C67-0F9A-D8BD-03F892C3C1EA}.Debug|Any CPU.Build.0 = Debug|Any CPU
		{BF23CA5E-8C67-0F9A-D8BD-03F892C3C1EA}.Release|Any CPU.ActiveCfg = Release|Any CPU
		{BF23CA5E-8C67-0F9A-D8BD-03F892C3C1EA}.Release|Any CPU.Build.0 = Release|Any CPU
		{F9005C18-A06A-E580-DECE-678DBF830722}.Debug|Any CPU.ActiveCfg = Debug|Any CPU
		{F9005C18-A06A-E580-DECE-678DBF830722}.Debug|Any CPU.Build.0 = Debug|Any CPU
		{F9005C18-A06A-E580-DECE-678DBF830722}.Release|Any CPU.ActiveCfg = Release|Any CPU
		{F9005C18-A06A-E580-DECE-678DBF830722}.Release|Any CPU.Build.0 = Release|Any CPU
		{F3F286D5-7E4C-D40F-33E9-FF5EC444139C}.Debug|Any CPU.ActiveCfg = Debug|Any CPU
		{F3F286D5-7E4C-D40F-33E9-FF5EC444139C}.Debug|Any CPU.Build.0 = Debug|Any CPU
		{F3F286D5-7E4C-D40F-33E9-FF5EC444139C}.Release|Any CPU.ActiveCfg = Release|Any CPU
		{F3F286D5-7E4C-D40F-33E9-FF5EC444139C}.Release|Any CPU.Build.0 = Release|Any CPU
		{641E1B34-E3C1-BC8B-8FA0-1414ADFB4E24}.Debug|Any CPU.ActiveCfg = Debug|Any CPU
		{641E1B34-E3C1-BC8B-8FA0-1414ADFB4E24}.Debug|Any CPU.Build.0 = Debug|Any CPU
		{641E1B34-E3C1-BC8B-8FA0-1414ADFB4E24}.Release|Any CPU.ActiveCfg = Release|Any CPU
		{641E1B34-E3C1-BC8B-8FA0-1414ADFB4E24}.Release|Any CPU.Build.0 = Release|Any CPU
		{A5606513-F4A4-1652-213D-360C8E7378AF}.Debug|Any CPU.ActiveCfg = Debug|Any CPU
		{A5606513-F4A4-1652-213D-360C8E7378AF}.Debug|Any CPU.Build.0 = Debug|Any CPU
		{A5606513-F4A4-1652-213D-360C8E7378AF}.Release|Any CPU.ActiveCfg = Release|Any CPU
		{A5606513-F4A4-1652-213D-360C8E7378AF}.Release|Any CPU.Build.0 = Release|Any CPU
		{A6ED2E7D-0FD1-CE7C-C1CB-88492FA96E7A}.Debug|Any CPU.ActiveCfg = Debug|Any CPU
		{A6ED2E7D-0FD1-CE7C-C1CB-88492FA96E7A}.Debug|Any CPU.Build.0 = Debug|Any CPU
		{A6ED2E7D-0FD1-CE7C-C1CB-88492FA96E7A}.Release|Any CPU.ActiveCfg = Release|Any CPU
		{A6ED2E7D-0FD1-CE7C-C1CB-88492FA96E7A}.Release|Any CPU.Build.0 = Release|Any CPU
		{D6E15CF6-EB2E-7319-F454-98C02B184C05}.Debug|Any CPU.ActiveCfg = Debug|Any CPU
		{D6E15CF6-EB2E-7319-F454-98C02B184C05}.Debug|Any CPU.Build.0 = Debug|Any CPU
		{D6E15CF6-EB2E-7319-F454-98C02B184C05}.Release|Any CPU.ActiveCfg = Release|Any CPU
		{D6E15CF6-EB2E-7319-F454-98C02B184C05}.Release|Any CPU.Build.0 = Release|Any CPU
		{A479F27A-13B8-5A6C-93CA-EA5CF7C2C5D1}.Debug|Any CPU.ActiveCfg = Debug|Any CPU
		{A479F27A-13B8-5A6C-93CA-EA5CF7C2C5D1}.Debug|Any CPU.Build.0 = Debug|Any CPU
		{A479F27A-13B8-5A6C-93CA-EA5CF7C2C5D1}.Release|Any CPU.ActiveCfg = Release|Any CPU
		{A479F27A-13B8-5A6C-93CA-EA5CF7C2C5D1}.Release|Any CPU.Build.0 = Release|Any CPU
		{109DA6CE-A583-C0CC-1366-28A5D7226B19}.Debug|Any CPU.ActiveCfg = Debug|Any CPU
		{109DA6CE-A583-C0CC-1366-28A5D7226B19}.Debug|Any CPU.Build.0 = Debug|Any CPU
		{109DA6CE-A583-C0CC-1366-28A5D7226B19}.Release|Any CPU.ActiveCfg = Release|Any CPU
		{109DA6CE-A583-C0CC-1366-28A5D7226B19}.Release|Any CPU.Build.0 = Release|Any CPU
		{7E64BF13-7B5E-0817-BCCB-9064F619DFE2}.Debug|Any CPU.ActiveCfg = Debug|Any CPU
		{7E64BF13-7B5E-0817-BCCB-9064F619DFE2}.Debug|Any CPU.Build.0 = Debug|Any CPU
		{7E64BF13-7B5E-0817-BCCB-9064F619DFE2}.Release|Any CPU.ActiveCfg = Release|Any CPU
		{7E64BF13-7B5E-0817-BCCB-9064F619DFE2}.Release|Any CPU.Build.0 = Release|Any CPU
		{BD794D9C-5F76-EB66-F38A-B4C21B5A72DE}.Debug|Any CPU.ActiveCfg = Debug|Any CPU
		{BD794D9C-5F76-EB66-F38A-B4C21B5A72DE}.Debug|Any CPU.Build.0 = Debug|Any CPU
		{BD794D9C-5F76-EB66-F38A-B4C21B5A72DE}.Release|Any CPU.ActiveCfg = Release|Any CPU
		{BD794D9C-5F76-EB66-F38A-B4C21B5A72DE}.Release|Any CPU.Build.0 = Release|Any CPU
		{A22E3383-F973-36E8-DE8B-3674FE553D77}.Debug|Any CPU.ActiveCfg = Debug|Any CPU
		{A22E3383-F973-36E8-DE8B-3674FE553D77}.Debug|Any CPU.Build.0 = Debug|Any CPU
		{A22E3383-F973-36E8-DE8B-3674FE553D77}.Release|Any CPU.ActiveCfg = Release|Any CPU
		{A22E3383-F973-36E8-DE8B-3674FE553D77}.Release|Any CPU.Build.0 = Release|Any CPU
		{1DAC719F-2966-7BC4-EB0B-144826E133E8}.Debug|Any CPU.ActiveCfg = Debug|Any CPU
		{1DAC719F-2966-7BC4-EB0B-144826E133E8}.Debug|Any CPU.Build.0 = Debug|Any CPU
		{1DAC719F-2966-7BC4-EB0B-144826E133E8}.Release|Any CPU.ActiveCfg = Release|Any CPU
		{1DAC719F-2966-7BC4-EB0B-144826E133E8}.Release|Any CPU.Build.0 = Release|Any CPU
		{09429F52-471A-3AB7-B9C1-E001B5CE6D11}.Debug|Any CPU.ActiveCfg = Debug|Any CPU
		{09429F52-471A-3AB7-B9C1-E001B5CE6D11}.Debug|Any CPU.Build.0 = Debug|Any CPU
		{09429F52-471A-3AB7-B9C1-E001B5CE6D11}.Release|Any CPU.ActiveCfg = Release|Any CPU
		{09429F52-471A-3AB7-B9C1-E001B5CE6D11}.Release|Any CPU.Build.0 = Release|Any CPU
		{50CC4543-1797-0D0B-9BA2-3DD15F6E5FC2}.Debug|Any CPU.ActiveCfg = Debug|Any CPU
		{50CC4543-1797-0D0B-9BA2-3DD15F6E5FC2}.Debug|Any CPU.Build.0 = Debug|Any CPU
		{50CC4543-1797-0D0B-9BA2-3DD15F6E5FC2}.Release|Any CPU.ActiveCfg = Release|Any CPU
		{50CC4543-1797-0D0B-9BA2-3DD15F6E5FC2}.Release|Any CPU.Build.0 = Release|Any CPU
		{AC060928-2E46-2934-11E5-4611A6B13B32}.Debug|Any CPU.ActiveCfg = Debug|Any CPU
		{AC060928-2E46-2934-11E5-4611A6B13B32}.Debug|Any CPU.Build.0 = Debug|Any CPU
		{AC060928-2E46-2934-11E5-4611A6B13B32}.Release|Any CPU.ActiveCfg = Release|Any CPU
		{AC060928-2E46-2934-11E5-4611A6B13B32}.Release|Any CPU.Build.0 = Release|Any CPU
		{AE43BA32-55B0-2358-50B4-9D4CA3266F24}.Debug|Any CPU.ActiveCfg = Debug|Any CPU
		{AE43BA32-55B0-2358-50B4-9D4CA3266F24}.Debug|Any CPU.Build.0 = Debug|Any CPU
		{AE43BA32-55B0-2358-50B4-9D4CA3266F24}.Release|Any CPU.ActiveCfg = Release|Any CPU
		{AE43BA32-55B0-2358-50B4-9D4CA3266F24}.Release|Any CPU.Build.0 = Release|Any CPU
		{32F6E967-76AD-E2B8-EF23-2701C78DED3E}.Debug|Any CPU.ActiveCfg = Debug|Any CPU
		{32F6E967-76AD-E2B8-EF23-2701C78DED3E}.Debug|Any CPU.Build.0 = Debug|Any CPU
		{32F6E967-76AD-E2B8-EF23-2701C78DED3E}.Release|Any CPU.ActiveCfg = Release|Any CPU
		{32F6E967-76AD-E2B8-EF23-2701C78DED3E}.Release|Any CPU.Build.0 = Release|Any CPU
		{4B104AD4-FB3A-FE2F-FC37-63A88AF62394}.Debug|Any CPU.ActiveCfg = Debug|Any CPU
		{4B104AD4-FB3A-FE2F-FC37-63A88AF62394}.Debug|Any CPU.Build.0 = Debug|Any CPU
		{4B104AD4-FB3A-FE2F-FC37-63A88AF62394}.Release|Any CPU.ActiveCfg = Release|Any CPU
		{4B104AD4-FB3A-FE2F-FC37-63A88AF62394}.Release|Any CPU.Build.0 = Release|Any CPU
		{F442625C-1F29-6C0F-61BA-870528E3505D}.Debug|Any CPU.ActiveCfg = Debug|Any CPU
		{F442625C-1F29-6C0F-61BA-870528E3505D}.Debug|Any CPU.Build.0 = Debug|Any CPU
		{F442625C-1F29-6C0F-61BA-870528E3505D}.Release|Any CPU.ActiveCfg = Release|Any CPU
		{F442625C-1F29-6C0F-61BA-870528E3505D}.Release|Any CPU.Build.0 = Release|Any CPU
		{8C16913E-AF53-FCE9-5407-C19D5EBF7975}.Debug|Any CPU.ActiveCfg = Debug|Any CPU
		{8C16913E-AF53-FCE9-5407-C19D5EBF7975}.Debug|Any CPU.Build.0 = Debug|Any CPU
		{8C16913E-AF53-FCE9-5407-C19D5EBF7975}.Release|Any CPU.ActiveCfg = Release|Any CPU
		{8C16913E-AF53-FCE9-5407-C19D5EBF7975}.Release|Any CPU.Build.0 = Release|Any CPU
		{5703C88C-1472-6132-E421-C8F9D4A21670}.Debug|Any CPU.ActiveCfg = Debug|Any CPU
		{5703C88C-1472-6132-E421-C8F9D4A21670}.Debug|Any CPU.Build.0 = Debug|Any CPU
		{5703C88C-1472-6132-E421-C8F9D4A21670}.Release|Any CPU.ActiveCfg = Release|Any CPU
		{5703C88C-1472-6132-E421-C8F9D4A21670}.Release|Any CPU.Build.0 = Release|Any CPU
		{0ADFBC9F-921D-C4CD-7801-BD57E270FAEA}.Debug|Any CPU.ActiveCfg = Debug|Any CPU
		{0ADFBC9F-921D-C4CD-7801-BD57E270FAEA}.Debug|Any CPU.Build.0 = Debug|Any CPU
		{0ADFBC9F-921D-C4CD-7801-BD57E270FAEA}.Release|Any CPU.ActiveCfg = Release|Any CPU
		{0ADFBC9F-921D-C4CD-7801-BD57E270FAEA}.Release|Any CPU.Build.0 = Release|Any CPU
	EndGlobalSection
	GlobalSection(SolutionProperties) = preSolution
		HideSolutionNode = FALSE
	EndGlobalSection
EndGlobal
